PODS:
  - Alamofire (4.8.2)
  - Kingfisher (5.6.0)
  - SwiftyJSON (5.0.0)
  - YoutubePlayer-in-WKWebView (0.3.0)

DEPENDENCIES:
  - Alamofire
  - Kingfisher
  - SwiftyJSON
  - YoutubePlayer-in-WKWebView

SPEC REPOS:
  https://github.com/cocoapods/specs.git:
    - Alamofire
    - Kingfisher
    - SwiftyJSON
    - YoutubePlayer-in-WKWebView

SPEC CHECKSUMS:
  Alamofire: ae5c501addb7afdbb13687d7f2f722c78734c2d3
  Kingfisher: 1a50df6880a60bae26f3e21a0df3d17b892f5e0b
  SwiftyJSON: 36413e04c44ee145039d332b4f4e2d3e8d6c4db7
  YoutubePlayer-in-WKWebView: 17a33b2fa619d357c9ddd763942ce556660facae

PODFILE CHECKSUM: 773106b0c73daaf1116c1317a06349d3dbe74f02

COCOAPODS: 1.6.0.beta.2
